{
  "version": 4,
  "terraform_version": "1.2.1",
  "serial": 9,
  "lineage": "02d1366e-1c32-8b8d-2040-f8e460eeb3e2",
  "outputs": {
    "kubernetes_cluster_host": {
      "value": "34.74.125.43",
      "type": "string"
    },
    "kubernetes_cluster_name": {
      "value": "demo-accenture-cluster",
      "type": "string"
    },
    "master_version": {
      "value": "1.21.11-gke.1100",
      "type": "string"
    },
    "project": {
      "value": "plenary-magpie-351418",
      "type": "string"
    },
    "region": {
      "value": "us-east1-b",
      "type": "string"
    }
  },
  "resources": [
    {
      "mode": "managed",
      "type": "google_container_cluster",
      "name": "accenture_kube",
      "provider": "provider[\"registry.terraform.io/hashicorp/google\"]",
      "instances": [
        {
          "schema_version": 1,
          "attributes": {
            "addons_config": [
              {
                "cloudrun_config": [],
                "gcp_filestore_csi_driver_config": [],
                "horizontal_pod_autoscaling": [],
                "http_load_balancing": [],
                "network_policy_config": [
                  {
                    "disabled": true
                  }
                ]
              }
            ],
            "authenticator_groups_config": [],
            "cluster_autoscaling": [
              {
                "auto_provisioning_defaults": [],
                "enabled": false,
                "resource_limits": []
              }
            ],
            "cluster_ipv4_cidr": "10.52.0.0/14",
            "confidential_nodes": [],
            "database_encryption": [
              {
                "key_name": "",
                "state": "DECRYPTED"
              }
            ],
            "datapath_provider": "",
            "default_max_pods_per_node": null,
            "default_snat_status": [
              {
                "disabled": false
              }
            ],
            "description": "GKE Cluster",
            "dns_config": [],
            "enable_autopilot": false,
            "enable_binary_authorization": false,
            "enable_intranode_visibility": false,
            "enable_kubernetes_alpha": false,
            "enable_legacy_abac": true,
            "enable_shielded_nodes": true,
            "enable_tpu": false,
            "endpoint": "34.74.125.43",
            "id": "projects/plenary-magpie-351418/locations/us-east1-b/clusters/demo-accenture-cluster",
            "initial_node_count": 2,
            "ip_allocation_policy": [],
            "label_fingerprint": "a9dc16a7",
            "location": "us-east1-b",
            "logging_config": [
              {
                "enable_components": [
                  "SYSTEM_COMPONENTS",
                  "WORKLOADS"
                ]
              }
            ],
            "logging_service": "logging.googleapis.com/kubernetes",
            "maintenance_policy": [],
            "master_auth": [
              {
                "client_certificate": "",
                "client_certificate_config": [
                  {
                    "issue_client_certificate": false
                  }
                ],
                "client_key": "",
                "cluster_ca_certificate": "LS0tLS1CRUdJTiBDRVJUSUZJQ0FURS0tLS0tCk1JSUVMVENDQXBXZ0F3SUJBZ0lSQVBGZTBuNEFwYm5kRm1HTVllVnUzdVl3RFFZSktvWklodmNOQVFFTEJRQXcKTHpFdE1Dc0dBMVVFQXhNa01tVmpORFZoWkdZdE56RTNZUzAwWkdVMUxUazRZVFV0TjJKbVltRmtZVE0zWldaaQpNQ0FYRFRJeU1EVXpNREl3TURNMU1sb1lEekl3TlRJd05USXlNakV3TXpVeVdqQXZNUzB3S3dZRFZRUURFeVF5ClpXTTBOV0ZrWmkwM01UZGhMVFJrWlRVdE9UaGhOUzAzWW1aaVlXUmhNemRsWm1Jd2dnR2lNQTBHQ1NxR1NJYjMKRFFFQkFRVUFBNElCandBd2dnR0tBb0lCZ1FDbW4zakd2TFpTWUtKZVBXQ25vVWhhOEJpQW5YK1NOYlNpNmVTbwpSSDh6ajBmMG1QYkpZWW5jN2dxckxBR1NJV1NLbmduQjk1cjBtMU5tTTgvN3ZKR1VQRFpZNm5UUmFFcG1Dbit0CklXR0dCbjRXT1hINk44b2RrUE9CNjNGcno4SWQxOEM5WHE0V0p2c3JnT3pzRFZqaWVhMUhQdkZiM25qTEdUUnAKMnY5YVU3eERka0ZUeEl1T2hiR2NGQVpoWk1jcWRiSWp0TTUwcGhqVHFEWmQwOHViL0NjWnNid0IzbGdhRXprTworY0tCeWxQUjgrQTVPWG00alJ1Q2h1bFJianIxYmt1WnZiZC93ZkE1c1lvQU83dVMxK2oyK1owZzdqcXQzdXlECm84YVVHMU5FUUVuUzdQeHAza2V0WkV2aE1iVGtlOXIrOFZtangzVlk1Zk9YV01Penlva1MzWGNqR1VuVjNMcnkKd2doSkdZSUw3NUcyaEdaZ0piV2l2dmI5ek8wVCtpQjlpUzVrZlJjV0k0eUVpaHdtR3l1bW42ckZQN2FlYkcyVwpUZXo4RjFNY21kSWRscDA1cm9SNUhMVVE0b2JGRzNzcGE2aW8vMkV2cmw3bWYvMGwxTzVaVWZvckh3eW5lbEQwCitzOVhwWmhJNmRVeWsxWXhtSVRWZngyeUtUY0NBd0VBQWFOQ01FQXdEZ1lEVlIwUEFRSC9CQVFEQWdJRU1BOEcKQTFVZEV3RUIvd1FGTUFNQkFmOHdIUVlEVlIwT0JCWUVGSGtOV20zNDI0dnphSy93UFZ2cHdkWU1Geit1TUEwRwpDU3FHU0liM0RRRUJDd1VBQTRJQmdRQUsyN1Z3OUtBZHRtY3p5V2prR3RLM0ZQNGJxUTdaMDE1VDAvWFNsblFJCkZiaUg0UkgrcVBMb2pUaHhiLzQrRzVia3JOaWI4ejZqU0lYSkQ1ZUJVTHBJajkzTDRKMTJ0WWEyT1RDelNpUEsKUHREQ3dzM1hFQWhXclZzbWpsZjRMazRqdXB1SUNhYkF6MHMwdFVhVEpNTS8vaGkwam1kYlF5eW5iSldYNit0TApEMlp6U2xDNDliMEtaQWtNazhCSm1lL3FQTHROV0J2NGgxTXMyWWhkWjdWMWhiaWtvSG1DRjByUDZ0eU95d3Z0Cm0xNWxZZE50ekhuY00zdFRTQUlrbTFYeWJlNjVGLzhWMEhOOU9vdW9PRkUvTVFCNzJDeDhoTjV5Y1AxNlBVdWkKOG5ubkN0Qm5FVzhPdElhNHU0TUhTZmZPeUxsN2JvYjhNY0FrNU54U0RVRy9WOUJPcXhOMDRtZ0Z0ejMwZmJJWQoremFuTHRTY2RsUnNxZHdkYjlsWkgydkNGeEFIaUFqUElPVkpCTzBYbFhqYVpEb0ZBWlFkM1BkLzVPTzZ2TzBDCnJBeitKMzEwdGUwNFZSYjZpMTVUMytvdTRLTDhLZ0hBZWQyaFptd2NOWURSQkdZb0FPUFhydEJ1S2xBeWFhZm4KUlNFV1JsYUx4TmRPcUpVL0Nhb3BiNFk9Ci0tLS0tRU5EIENFUlRJRklDQVRFLS0tLS0K"
              }
            ],
            "master_authorized_networks_config": [],
            "master_version": "1.21.11-gke.1100",
            "min_master_version": null,
            "monitoring_config": [
              {
                "enable_components": [
                  "SYSTEM_COMPONENTS"
                ]
              }
            ],
            "monitoring_service": "monitoring.googleapis.com/kubernetes",
            "name": "demo-accenture-cluster",
            "network": "projects/plenary-magpie-351418/global/networks/default",
            "network_policy": [
              {
                "enabled": false,
                "provider": "PROVIDER_UNSPECIFIED"
              }
            ],
            "networking_mode": "ROUTES",
            "node_config": [],
            "node_locations": [],
            "node_pool": [],
            "node_version": "1.21.11-gke.1100",
            "operation": null,
            "private_cluster_config": [],
            "private_ipv6_google_access": "",
            "project": "plenary-magpie-351418",
            "release_channel": [
              {
                "channel": "REGULAR"
              }
            ],
            "remove_default_node_pool": true,
            "resource_labels": null,
            "resource_usage_export_config": [],
            "self_link": "https://container.googleapis.com/v1/projects/plenary-magpie-351418/zones/us-east1-b/clusters/demo-accenture-cluster",
            "services_ipv4_cidr": "10.55.240.0/20",
            "subnetwork": "projects/plenary-magpie-351418/regions/us-east1/subnetworks/default",
            "timeouts": null,
            "tpu_ipv4_cidr_block": "",
            "vertical_pod_autoscaling": [],
            "workload_identity_config": []
          },
          "sensitive_attributes": [],
          "private": "eyJlMmJmYjczMC1lY2FhLTExZTYtOGY4OC0zNDM2M2JjN2M0YzAiOnsiY3JlYXRlIjoyNDAwMDAwMDAwMDAwLCJkZWxldGUiOjI0MDAwMDAwMDAwMDAsInJlYWQiOjI0MDAwMDAwMDAwMDAsInVwZGF0ZSI6MzYwMDAwMDAwMDAwMH0sInNjaGVtYV92ZXJzaW9uIjoiMSJ9"
        }
      ]
    },
    {
      "mode": "managed",
      "type": "google_container_node_pool",
      "name": "accenture_kube",
      "provider": "provider[\"registry.terraform.io/hashicorp/google\"]",
      "instances": [
        {
          "schema_version": 1,
          "attributes": {
            "autoscaling": [],
            "cluster": "demo-accenture-cluster",
            "id": "projects/plenary-magpie-351418/locations/us-east1-b/clusters/demo-accenture-cluster/nodePools/demo-accenture-cluster-node-pool",
            "initial_node_count": 2,
            "instance_group_urls": [
              "https://www.googleapis.com/compute/v1/projects/plenary-magpie-351418/zones/us-east1-b/instanceGroupManagers/gke-demo-accenture-c-demo-accenture-c-f69d5b15-grp"
            ],
            "location": "us-east1-b",
            "managed_instance_group_urls": [
              "https://www.googleapis.com/compute/v1/projects/plenary-magpie-351418/zones/us-east1-b/instanceGroups/gke-demo-accenture-c-demo-accenture-c-f69d5b15-grp"
            ],
            "management": [
              {
                "auto_repair": true,
                "auto_upgrade": true
              }
            ],
            "max_pods_per_node": null,
            "name": "demo-accenture-cluster-node-pool",
            "name_prefix": "",
            "node_config": [
              {
                "boot_disk_kms_key": "",
                "disk_size_gb": 100,
                "disk_type": "pd-standard",
                "gcfs_config": [],
                "guest_accelerator": [],
                "gvnic": [],
                "image_type": "COS_CONTAINERD",
                "labels": {
                  "env": "plenary-magpie-351418"
                },
                "local_ssd_count": 0,
                "machine_type": "n1-standard-1",
                "metadata": {
                  "disable-legacy-endpoints": "true"
                },
                "min_cpu_platform": "",
                "node_group": "",
                "oauth_scopes": [
                  "https://www.googleapis.com/auth/logging.write",
                  "https://www.googleapis.com/auth/monitoring"
                ],
                "preemptible": true,
                "service_account": "default",
                "shielded_instance_config": [
                  {
                    "enable_integrity_monitoring": true,
                    "enable_secure_boot": false
                  }
                ],
                "tags": [
                  "gke-node",
                  "plenary-magpie-351418-gke"
                ],
                "taint": [],
                "workload_metadata_config": []
              }
            ],
            "node_count": 2,
            "node_locations": [
              "us-east1-b"
            ],
            "operation": null,
            "project": "plenary-magpie-351418",
            "timeouts": null,
            "upgrade_settings": [
              {
                "max_surge": 1,
                "max_unavailable": 0
              }
            ],
            "version": "1.21.11-gke.1100"
          },
          "sensitive_attributes": [],
          "private": "eyJlMmJmYjczMC1lY2FhLTExZTYtOGY4OC0zNDM2M2JjN2M0YzAiOnsiY3JlYXRlIjoxODAwMDAwMDAwMDAwLCJkZWxldGUiOjE4MDAwMDAwMDAwMDAsInVwZGF0ZSI6MTgwMDAwMDAwMDAwMH0sInNjaGVtYV92ZXJzaW9uIjoiMSJ9",
          "dependencies": [
            "google_container_cluster.accenture_kube"
          ]
        }
      ]
    }
  ]
}
